
Microsoft Visual Studio Solution File, Format Version 12.00
# Visual Studio Version 17
VisualStudioVersion = 17.4.33122.133
MinimumVisualStudioVersion = 10.0.40219.1
Project("{FAE04EC0-301F-11D3-BF4B-00C04F79EFBC}") = "Notepad", "Notepad\Notepad.csproj", "{CFA47C6E-B28C-4E1D-9DAF-E5DD18D26C01}"
EndProject
Global
	GlobalSection(SolutionConfigurationPlatforms) = preSolution
		Debug|Any CPU = Debug|Any CPU
		Release|Any CPU = Release|Any CPU
	EndGlobalSection
	GlobalSection(ProjectConfigurationPlatforms) = postSolution
		{CFA47C6E-B28C-4E1D-9DAF-E5DD18D26C01}.Debug|Any CPU.ActiveCfg = Debug|Any CPU
		{CFA47C6E-B28C-4E1D-9DAF-E5DD18D26C01}.Debug|Any CPU.Build.0 = Debug|Any CPU
		{CFA47C6E-B28C-4E1D-9DAF-E5DD18D26C01}.Release|Any CPU.ActiveCfg = Release|Any CPU
		{CFA47C6E-B28C-4E1D-9DAF-E5DD18D26C01}.Release|Any CPU.Build.0 = Release|Any CPU
	EndGlobalSection
	GlobalSection(SolutionProperties) = preSolution
		HideSolutionNode = FALSE
	EndGlobalSection
	GlobalSection(ExtensibilityGlobals) = postSolution
		SolutionGuid = {158EAABD-A48F-49A4-B51D-71A127E78F15}
	EndGlobalSection
EndGlobal
